
Microsoft Visual Studio Solution File, Format Version 12.00
# Visual Studio 15
VisualStudioVersion = 15.0.27703.1
MinimumVisualStudioVersion = 10.0.40219.1
Project("{FAE04EC0-301F-11D3-BF4B-00C04F79EFBC}") = "Lab6EntityFramework", "Lab6EntityFramework\Lab6EntityFramework.csproj", "{18BB816E-2DBD-4436-999F-AB5197405B96}"
EndProject
Global
	GlobalSection(SolutionConfigurationPlatforms) = preSolution
		Debug|Any CPU = Debug|Any CPU
		Release|Any CPU = Release|Any CPU
	EndGlobalSection
	GlobalSection(ProjectConfigurationPlatforms) = postSolution
		{18BB816E-2DBD-4436-999F-AB5197405B96}.Debug|Any CPU.ActiveCfg = Debug|Any CPU
		{18BB816E-2DBD-4436-999F-AB5197405B96}.Debug|Any CPU.Build.0 = Debug|Any CPU
		{18BB816E-2DBD-4436-999F-AB5197405B96}.Release|Any CPU.ActiveCfg = Release|Any CPU
		{18BB816E-2DBD-4436-999F-AB5197405B96}.Release|Any CPU.Build.0 = Release|Any CPU
	EndGlobalSection
	GlobalSection(SolutionProperties) = preSolution
		HideSolutionNode = FALSE
	EndGlobalSection
	GlobalSection(ExtensibilityGlobals) = postSolution
		SolutionGuid = {D80F1112-0F16-4079-878F-2B745639B5DC}
	EndGlobalSection
EndGlobal
